
Microsoft Visual Studio Solution File, Format Version 12.00
# Visual Studio Version 17
VisualStudioVersion = 17.1.32328.378
MinimumVisualStudioVersion = 10.0.40219.1
Project("{FAE04EC0-301F-11D3-BF4B-00C04F79EFBC}") = "ParseSQLTool", "ParseSQLTool\ParseSQLTool.csproj", "{EFA741E0-790E-4D26-B5DD-10771C7C3AE0}"
EndProject
Global
	GlobalSection(SolutionConfigurationPlatforms) = preSolution
		Debug|Any CPU = Debug|Any CPU
		Release|Any CPU = Release|Any CPU
	EndGlobalSection
	GlobalSection(ProjectConfigurationPlatforms) = postSolution
		{EFA741E0-790E-4D26-B5DD-10771C7C3AE0}.Debug|Any CPU.ActiveCfg = Debug|Any CPU
		{EFA741E0-790E-4D26-B5DD-10771C7C3AE0}.Debug|Any CPU.Build.0 = Debug|Any CPU
		{EFA741E0-790E-4D26-B5DD-10771C7C3AE0}.Release|Any CPU.ActiveCfg = Release|Any CPU
		{EFA741E0-790E-4D26-B5DD-10771C7C3AE0}.Release|Any CPU.Build.0 = Release|Any CPU
	EndGlobalSection
	GlobalSection(SolutionProperties) = preSolution
		HideSolutionNode = FALSE
	EndGlobalSection
	GlobalSection(ExtensibilityGlobals) = postSolution
		SolutionGuid = {AD79BF67-7AF0-4F69-9B9D-B4EF3CD4C011}
	EndGlobalSection
EndGlobal
